
Microsoft Visual Studio Solution File, Format Version 12.00
# Visual Studio 14
VisualStudioVersion = 14.0.25420.1
MinimumVisualStudioVersion = 10.0.40219.1
Project("{FAE04EC0-301F-11D3-BF4B-00C04F79EFBC}") = "Application", "Application\Application.csproj", "{A507C369-738F-44E1-A9BF-5EAF779899F2}"
EndProject
Global
	GlobalSection(SolutionConfigurationPlatforms) = preSolution
		Debug|Any CPU = Debug|Any CPU
		Release|Any CPU = Release|Any CPU
	EndGlobalSection
	GlobalSection(ProjectConfigurationPlatforms) = postSolution
		{A507C369-738F-44E1-A9BF-5EAF779899F2}.Debug|Any CPU.ActiveCfg = Debug|Any CPU
		{A507C369-738F-44E1-A9BF-5EAF779899F2}.Debug|Any CPU.Build.0 = Debug|Any CPU
		{A507C369-738F-44E1-A9BF-5EAF779899F2}.Release|Any CPU.ActiveCfg = Release|Any CPU
		{A507C369-738F-44E1-A9BF-5EAF779899F2}.Release|Any CPU.Build.0 = Release|Any CPU
	EndGlobalSection
	GlobalSection(SolutionProperties) = preSolution
		HideSolutionNode = FALSE
	EndGlobalSection
EndGlobal
